# THIS IS AN AUTOGENERATED FILE. DO NOT EDIT THIS FILE DIRECTLY.
# yarn lockfile v1


"@types/estree@*":
  version "0.0.42"
  resolved "http://npm.skytech.cn/@types%2festree/-/estree-0.0.42.tgz#8d0c1f480339efedb3e46070e22dd63e0430dd11"
  integrity sha1-jQwfSAM57+2z5GBw4i3WPgQw3RE=

"@types/node@*":
  version "13.1.6"
  resolved "http://npm.skytech.cn/@types%2fnode/-/node-13.1.6.tgz#076028d0b0400be8105b89a0a55550c86684ffec"
  integrity sha1-B2Ao0LBAC+gQW4mgpVVQyGaE/+w=

acorn@^7.1.0:
  version "7.1.0"
  resolved "http://npm.skytech.cn/acorn/-/acorn-7.1.0.tgz#949d36f2c292535da602283586c2477c57eb2d6c"
  integrity sha1-lJ028sKSU12mAig1hsJHfFfrLWw=

ali-rds@^3.3.0:
  version "3.3.0"
  resolved "http://npm.skytech.cn/ali-rds/-/ali-rds-3.3.0.tgz#001ba1f4edf4555805f57ca272fe5c047aef992b"
  integrity sha1-ABuh9O30VVgF9Xyicv5cBHrvmSs=
  dependencies:
    co-wrap-all "^1.0.0"
    debug "^2.2.0"
    mysql "^2.13.0"
    pify "^2.3.0"

bignumber.js@7.2.1:
  version "7.2.1"
  resolved "http://npm.skytech.cn/bignumber.js/-/bignumber.js-7.2.1.tgz#80c048759d826800807c4bfd521e50edbba57a5f"
  integrity sha1-gMBIdZ2CaACAfEv9Uh5Q7bulel8=

co-wrap-all@^1.0.0:
  version "1.0.0"
  resolved "http://npm.skytech.cn/co-wrap-all/-/co-wrap-all-1.0.0.tgz#370ae3e8333510a53f6b2f7fdfbe4568a11b7ecf"
  integrity sha1-Nwrj6DM1EKU/ay9/375FaKEbfs8=
  dependencies:
    co "^4.0.0"

co@^4.0.0, co@^4.6.0:
  version "4.6.0"
  resolved "http://npm.skytech.cn/co/-/co-4.6.0.tgz#6ea6bdf3d853ae54ccb8e47bfa0bf3f9031fb184"
  integrity sha1-bqa989hTrlTMuOR7+gvz+QMfsYQ=

core-util-is@~1.0.0:
  version "1.0.2"
  resolved "http://npm.skytech.cn/core-util-is/-/core-util-is-1.0.2.tgz#b5fd54220aa2bc5ab57aab7140c940754503c1a7"
  integrity sha1-tf1UIgqivFq1eqtxQMlAdUUDwac=

debug@^2.2.0:
  version "2.6.9"
  resolved "http://npm.skytech.cn/debug/-/debug-2.6.9.tgz#5d128515df134ff327e90a4c93f4e077a536341f"
  integrity sha512-bC7ElrdJaJnPbAP+1EotYvqZsb3ecl5wi6Bfi6BJTUcNowp6cvspg0jXznRTKDjm/E7AdgFBVeAPVMNcKGsHMA==
  dependencies:
    ms "2.0.0"

inherits@~2.0.3:
  version "2.0.4"
  resolved "http://npm.skytech.cn/inherits/-/inherits-2.0.4.tgz#0fa2c64f932917c3433a0ded55363aae37416b7c"
  integrity sha1-D6LGT5MpF8NDOg3tVTY6rjdBa3w=

isarray@~1.0.0:
  version "1.0.0"
  resolved "http://npm.skytech.cn/isarray/-/isarray-1.0.0.tgz#bb935d48582cba168c06834957a54a3e07124f11"
  integrity sha1-u5NdSFgsuhaMBoNJV6VKPgcSTxE=

moment@^2.24.0:
  version "2.24.0"
  resolved "http://npm.skytech.cn/moment/-/moment-2.24.0.tgz#0d055d53f5052aa653c9f6eb68bb5d12bf5c2b5b"
  integrity sha1-DQVdU/UFKqZTyfbraLtdEr9cK1s=

ms@2.0.0:
  version "2.0.0"
  resolved "http://npm.skytech.cn/ms/-/ms-2.0.0.tgz#5608aeadfc00be6c2901df5f9861788de0d597c8"
  integrity sha1-VgiurfwAvmwpAd9fmGF4jeDVl8g=

mysql@^2.13.0:
  version "2.17.1"
  resolved "http://npm.skytech.cn/mysql/-/mysql-2.17.1.tgz#62bba4a039a9b2f73638cd1652ce50fc6f682899"
  integrity sha1-YrukoDmpsvc2OM0WUs5Q/G9oKJk=
  dependencies:
    bignumber.js "7.2.1"
    readable-stream "2.3.6"
    safe-buffer "5.1.2"
    sqlstring "2.3.1"

pify@^2.3.0:
  version "2.3.0"
  resolved "http://npm.skytech.cn/pify/-/pify-2.3.0.tgz#ed141a6ac043a849ea588498e7dca8b15330e90c"
  integrity sha1-7RQaasBDqEnqWISY59yosVMw6Qw=

process-nextick-args@~2.0.0:
  version "2.0.1"
  resolved "http://npm.skytech.cn/process-nextick-args/-/process-nextick-args-2.0.1.tgz#7820d9b16120cc55ca9ae7792680ae7dba6d7fe2"
  integrity sha1-eCDZsWEgzFXKmud5JoCufbptf+I=

readable-stream@2.3.6:
  version "2.3.6"
  resolved "http://npm.skytech.cn/readable-stream/-/readable-stream-2.3.6.tgz#b11c27d88b8ff1fbe070643cf94b0c79ae1b0aaf"
  integrity sha512-tQtKA9WIAhBF3+VLAseyMqZeBjW0AHJoxOtYqSUZNJxauErmLbVm2FW1y+J/YA9dUrAC39ITejlZWhVIwawkKw==
  dependencies:
    core-util-is "~1.0.0"
    inherits "~2.0.3"
    isarray "~1.0.0"
    process-nextick-args "~2.0.0"
    safe-buffer "~5.1.1"
    string_decoder "~1.1.1"
    util-deprecate "~1.0.1"

rollup@1.29.0:
  version "1.29.0"
  resolved "http://npm.skytech.cn/rollup/-/rollup-1.29.0.tgz#6a1a79eea43ca9d3d79a90c15a1ceecedc72097b"
  integrity sha1-ahp57qQ8qdPXmpDBWhzuztxyCXs=
  dependencies:
    "@types/estree" "*"
    "@types/node" "*"
    acorn "^7.1.0"

safe-buffer@5.1.2, safe-buffer@~5.1.0, safe-buffer@~5.1.1:
  version "5.1.2"
  resolved "http://npm.skytech.cn/safe-buffer/-/safe-buffer-5.1.2.tgz#991ec69d296e0313747d59bdfd2b745c35f8828d"
  integrity sha512-Gd2UZBJDkXlY7GbJxfsE8/nvKkUEU1G38c1siN6QP6a9PT9MmHB8GnpscSmMJSoF8LOIrt8ud/wPtojys4G6+g==

sqlstring@2.3.1:
  version "2.3.1"
  resolved "http://npm.skytech.cn/sqlstring/-/sqlstring-2.3.1.tgz#475393ff9e91479aea62dcaf0ca3d14983a7fb40"
  integrity sha1-R1OT/56RR5rqYtyvDKPRSYOn+0A=

string_decoder@~1.1.1:
  version "1.1.1"
  resolved "http://npm.skytech.cn/string_decoder/-/string_decoder-1.1.1.tgz#9cf1611ba62685d7030ae9e4ba34149c3af03fc8"
  integrity sha512-n/ShnvDi6FHbbVfviro+WojiFzv+s8MPMHBczVePfUpDJLwoLT0ht1l4YwBCbi8pJAveEEdnkHyPyTP/mzRfwg==
  dependencies:
    safe-buffer "~5.1.0"

util-deprecate@~1.0.1:
  version "1.0.2"
  resolved "http://npm.skytech.cn/util-deprecate/-/util-deprecate-1.0.2.tgz#450d4dc9fa70de732762fbd2d4a28981419a0ccf"
  integrity sha1-RQ1Nyfpw3nMnYvvS1KKJgUGaDM8=
